
Microsoft Visual Studio Solution File, Format Version 12.00
# Visual Studio Version 16
VisualStudioVersion = 16.0.29411.108
MinimumVisualStudioVersion = 10.0.40219.1
Project("{9A19103F-16F7-4668-BE54-9A1E7A4F7556}") = "VicSites.Api", "src\VicSites.Api\VicSites.Api.csproj", "{B6A5C7D8-6092-4E27-8047-DC95DA378E89}"
EndProject
Project("{9A19103F-16F7-4668-BE54-9A1E7A4F7556}") = "VicSites.Business", "src\VicSites.Business\VicSites.Business.csproj", "{38DDE7C0-30FF-49D0-81A1-F41D6B748E1E}"
EndProject
Project("{9A19103F-16F7-4668-BE54-9A1E7A4F7556}") = "VicSites.Common", "src\VicSites.Common\VicSites.Common.csproj", "{BF74DBA8-D87F-4E4E-8A40-8C384A0E4372}"
EndProject
Project("{2150E333-8FDC-42A3-9474-1A3956D46DE8}") = "src", "src", "{9A896499-8074-42FB-9342-09CD04B5926F}"
EndProject
Project("{2150E333-8FDC-42A3-9474-1A3956D46DE8}") = "deployment", "deployment", "{72A94A36-D452-4EDB-B493-BE0A4C574160}"
	ProjectSection(SolutionItems) = preProject
		.travis.yml = .travis.yml
		docker-compose.yml = docker-compose.yml
		Dockerfile = Dockerfile
		Dockerfile.test = Dockerfile.test
	EndProjectSection
EndProject
Project("{2150E333-8FDC-42A3-9474-1A3956D46DE8}") = "test", "test", "{71FCBE28-3E0E-4421-AC2A-C70407F93888}"
EndProject
Project("{FAE04EC0-301F-11D3-BF4B-00C04F79EFBC}") = "VicSites.Api.Tests", "test\VicSites.Api.Tests\VicSites.Api.Tests.csproj", "{A12FD9BA-8545-4A98-B068-140CAF30BB7F}"
EndProject
Global
	GlobalSection(SolutionConfigurationPlatforms) = preSolution
		Debug|Any CPU = Debug|Any CPU
		Release|Any CPU = Release|Any CPU
	EndGlobalSection
	GlobalSection(ProjectConfigurationPlatforms) = postSolution
		{B6A5C7D8-6092-4E27-8047-DC95DA378E89}.Debug|Any CPU.ActiveCfg = Debug|Any CPU
		{B6A5C7D8-6092-4E27-8047-DC95DA378E89}.Debug|Any CPU.Build.0 = Debug|Any CPU
		{B6A5C7D8-6092-4E27-8047-DC95DA378E89}.Release|Any CPU.ActiveCfg = Release|Any CPU
		{B6A5C7D8-6092-4E27-8047-DC95DA378E89}.Release|Any CPU.Build.0 = Release|Any CPU
		{38DDE7C0-30FF-49D0-81A1-F41D6B748E1E}.Debug|Any CPU.ActiveCfg = Debug|Any CPU
		{38DDE7C0-30FF-49D0-81A1-F41D6B748E1E}.Debug|Any CPU.Build.0 = Debug|Any CPU
		{38DDE7C0-30FF-49D0-81A1-F41D6B748E1E}.Release|Any CPU.ActiveCfg = Release|Any CPU
		{38DDE7C0-30FF-49D0-81A1-F41D6B748E1E}.Release|Any CPU.Build.0 = Release|Any CPU
		{BF74DBA8-D87F-4E4E-8A40-8C384A0E4372}.Debug|Any CPU.ActiveCfg = Debug|Any CPU
		{BF74DBA8-D87F-4E4E-8A40-8C384A0E4372}.Debug|Any CPU.Build.0 = Debug|Any CPU
		{BF74DBA8-D87F-4E4E-8A40-8C384A0E4372}.Release|Any CPU.ActiveCfg = Release|Any CPU
		{BF74DBA8-D87F-4E4E-8A40-8C384A0E4372}.Release|Any CPU.Build.0 = Release|Any CPU
		{A12FD9BA-8545-4A98-B068-140CAF30BB7F}.Debug|Any CPU.ActiveCfg = Debug|Any CPU
		{A12FD9BA-8545-4A98-B068-140CAF30BB7F}.Debug|Any CPU.Build.0 = Debug|Any CPU
		{A12FD9BA-8545-4A98-B068-140CAF30BB7F}.Release|Any CPU.ActiveCfg = Release|Any CPU
		{A12FD9BA-8545-4A98-B068-140CAF30BB7F}.Release|Any CPU.Build.0 = Release|Any CPU
	EndGlobalSection
	GlobalSection(SolutionProperties) = preSolution
		HideSolutionNode = FALSE
	EndGlobalSection
	GlobalSection(NestedProjects) = preSolution
		{B6A5C7D8-6092-4E27-8047-DC95DA378E89} = {9A896499-8074-42FB-9342-09CD04B5926F}
		{38DDE7C0-30FF-49D0-81A1-F41D6B748E1E} = {9A896499-8074-42FB-9342-09CD04B5926F}
		{BF74DBA8-D87F-4E4E-8A40-8C384A0E4372} = {9A896499-8074-42FB-9342-09CD04B5926F}
		{A12FD9BA-8545-4A98-B068-140CAF30BB7F} = {71FCBE28-3E0E-4421-AC2A-C70407F93888}
	EndGlobalSection
	GlobalSection(ExtensibilityGlobals) = postSolution
		SolutionGuid = {51DF15CA-68F2-4EBB-B512-724718E3A229}
	EndGlobalSection
EndGlobal
